
Microsoft Visual Studio Solution File, Format Version 12.00
# Visual Studio Version 17
VisualStudioVersion = 17.3.32901.215
MinimumVisualStudioVersion = 10.0.40219.1
Project("{FAE04EC0-301F-11D3-BF4B-00C04F79EFBC}") = "TravelTripProject", "TravelTripProject\TravelTripProject.csproj", "{51C23ED5-5A80-4EEC-B0F4-8AC9D4E5848C}"
EndProject
Global
	GlobalSection(SolutionConfigurationPlatforms) = preSolution
		Debug|Any CPU = Debug|Any CPU
		Release|Any CPU = Release|Any CPU
	EndGlobalSection
	GlobalSection(ProjectConfigurationPlatforms) = postSolution
		{51C23ED5-5A80-4EEC-B0F4-8AC9D4E5848C}.Debug|Any CPU.ActiveCfg = Debug|Any CPU
		{51C23ED5-5A80-4EEC-B0F4-8AC9D4E5848C}.Debug|Any CPU.Build.0 = Debug|Any CPU
		{51C23ED5-5A80-4EEC-B0F4-8AC9D4E5848C}.Release|Any CPU.ActiveCfg = Release|Any CPU
		{51C23ED5-5A80-4EEC-B0F4-8AC9D4E5848C}.Release|Any CPU.Build.0 = Release|Any CPU
	EndGlobalSection
	GlobalSection(SolutionProperties) = preSolution
		HideSolutionNode = FALSE
	EndGlobalSection
	GlobalSection(ExtensibilityGlobals) = postSolution
		SolutionGuid = {6947D0BD-2DDA-4DEB-9DDB-6938799E05EC}
	EndGlobalSection
EndGlobal
